PODS:
  - Nimble (7.0.0)
  - Quick (1.1.0)
  - ReactiveCocoa (5.0.3):
    - ReactiveSwift (~> 1.1)
  - ReactiveSwift (1.1.1):
    - Result (~> 3.2)
  - Result (3.2.1)
  - SwiftyMock/Core (0.1.1)
  - SwiftyMock/ReactiveCocoa (0.1.1):
    - ReactiveCocoa (~> 5.0.3)
    - SwiftyMock/Core

DEPENDENCIES:
  - Nimble (~> 7.0.0)
  - Quick (~> 1.1.0)
  - SwiftyMock/ReactiveCocoa (from `../`)

EXTERNAL SOURCES:
  SwiftyMock:
    :path: "../"

SPEC CHECKSUMS:
  Nimble: 874982b605d4d752fcac6be695d13c502de84b1b
  Quick: dafc587e21eed9f4cab3249b9f9015b0b7a7f71d
  ReactiveCocoa: 066a855f613fb72f68258771095805fdb10312d2
  ReactiveSwift: 2489549e3231a6ff68ec99f3d320bb264f10ba0a
  Result: 2453a22e5c5b11c0c3a478736e82cd02f763b781
  SwiftyMock: fafa8c2ea7ca99749e9b29bb2ae6f1861846502a

PODFILE CHECKSUM: db15c41e2e47f23aeae8478ce5eee3b0c3520bd6

COCOAPODS: 1.2.0
