PODS:
  - Nimble (7.0.3)
  - Quick (1.1.0)
  - ReactiveCocoa (7.1.0):
    - ReactiveSwift (~> 3.1)
  - ReactiveSwift (3.1.0):
    - Result (~> 3.2)
  - Result (3.2.4)
  - SwiftyMock/Core (0.2.3)
  - SwiftyMock/ReactiveCocoa (0.2.3):
    - ReactiveCocoa (~> 7.1)
    - SwiftyMock/Core

DEPENDENCIES:
  - Nimble (~> 7.0.0)
  - Quick (~> 1.1.0)
  - SwiftyMock/ReactiveCocoa (from `../`)

EXTERNAL SOURCES:
  SwiftyMock:
    :path: ../

SPEC CHECKSUMS:
  Nimble: 7f5a9c447a33002645a071bddafbfb24ea70e0ac
  Quick: dafc587e21eed9f4cab3249b9f9015b0b7a7f71d
  ReactiveCocoa: 105ad96f6b8711f1ee7d165fc96587479298053b
  ReactiveSwift: 5b26d2e988fe0eed2daf48c4054d1de74db50184
  Result: d2d07204ce72856f1fd9130bbe42c35a7b0fea10
  SwiftyMock: e0769d7dff9328adf0af2f977c98d861486393d5

PODFILE CHECKSUM: e6e004dbed414ba516d9d23a16ed0d774cb485bc

COCOAPODS: 1.4.0
