PODS:
  - Nimble (7.1.2)
  - Quick (1.3.0)
  - ReactiveCocoa (7.1.0):
    - ReactiveSwift (~> 3.1)
  - ReactiveSwift (3.1.0):
    - Result (~> 3.2)
  - Result (3.2.4)
  - SwiftyMock/Core (0.2.3)
  - SwiftyMock/ReactiveCocoa (0.2.3):
    - ReactiveCocoa (~> 7.1)
    - SwiftyMock/Core

DEPENDENCIES:
  - Nimble (from `https://github.com/Quick/Nimble`, branch `7.x-branch`)
  - Quick (~> 1.2)
  - SwiftyMock/ReactiveCocoa (from `../`)

SPEC REPOS:
  https://github.com/cocoapods/specs.git:
    - Quick
    - ReactiveCocoa
    - ReactiveSwift
    - Result

EXTERNAL SOURCES:
  Nimble:
    :branch: 7.x-branch
    :git: https://github.com/Quick/Nimble
  SwiftyMock:
    :path: "../"

CHECKOUT OPTIONS:
  Nimble:
    :commit: 773bc7b5b8f3be2ba7ba9d52c6e38936dd393f69
    :git: https://github.com/Quick/Nimble

SPEC CHECKSUMS:
  Nimble: c0980a3cf3e9d3b8774ef08167a47bede81cf84f
  Quick: 03278013f71aa05fe9ecabc94fbcc6835f1ee76f
  ReactiveCocoa: 105ad96f6b8711f1ee7d165fc96587479298053b
  ReactiveSwift: 5b26d2e988fe0eed2daf48c4054d1de74db50184
  Result: d2d07204ce72856f1fd9130bbe42c35a7b0fea10
  SwiftyMock: e0769d7dff9328adf0af2f977c98d861486393d5

PODFILE CHECKSUM: 2797c28d14fe41b5fd500d37769a81dfd8a59430

COCOAPODS: 1.5.3
